
Microsoft Visual Studio Solution File, Format Version 12.00
# Visual Studio Version 16
VisualStudioVersion = 16.0.31624.102
MinimumVisualStudioVersion = 10.0.40219.1
Project("{FAE04EC0-301F-11D3-BF4B-00C04F79EFBC}") = "MiniCal", "MiniCal\MiniCal.csproj", "{D7C5D81B-F7D0-4F23-B317-17CB0C7FBBEB}"
EndProject
Global
	GlobalSection(SolutionConfigurationPlatforms) = preSolution
		Debug|Any CPU = Debug|Any CPU
		Release|Any CPU = Release|Any CPU
	EndGlobalSection
	GlobalSection(ProjectConfigurationPlatforms) = postSolution
		{D7C5D81B-F7D0-4F23-B317-17CB0C7FBBEB}.Debug|Any CPU.ActiveCfg = Debug|Any CPU
		{D7C5D81B-F7D0-4F23-B317-17CB0C7FBBEB}.Debug|Any CPU.Build.0 = Debug|Any CPU
		{D7C5D81B-F7D0-4F23-B317-17CB0C7FBBEB}.Release|Any CPU.ActiveCfg = Release|Any CPU
		{D7C5D81B-F7D0-4F23-B317-17CB0C7FBBEB}.Release|Any CPU.Build.0 = Release|Any CPU
	EndGlobalSection
	GlobalSection(SolutionProperties) = preSolution
		HideSolutionNode = FALSE
	EndGlobalSection
	GlobalSection(ExtensibilityGlobals) = postSolution
		SolutionGuid = {51F2AE14-A226-471C-B971-1FEF1E13C76C}
	EndGlobalSection
EndGlobal
